
Microsoft Visual Studio Solution File, Format Version 12.00
# Visual Studio Version 16
VisualStudioVersion = 16.0.32901.82
MinimumVisualStudioVersion = 10.0.40219.1
Project("{FAE04EC0-301F-11D3-BF4B-00C04F79EFBC}") = "Calculator", "Calculator\Calculator.csproj", "{94741072-0469-42F1-B561-E4220397CDF0}"
EndProject
Project("{FAE04EC0-301F-11D3-BF4B-00C04F79EFBC}") = "CalculatorTests", "CalculatorTests\CalculatorTests.csproj", "{8537C83F-6893-4C82-9B7C-BAD65ACE389B}"
EndProject
Global
	GlobalSection(SolutionConfigurationPlatforms) = preSolution
		Debug|Any CPU = Debug|Any CPU
		Release|Any CPU = Release|Any CPU
	EndGlobalSection
	GlobalSection(ProjectConfigurationPlatforms) = postSolution
		{94741072-0469-42F1-B561-E4220397CDF0}.Debug|Any CPU.ActiveCfg = Debug|Any CPU
		{94741072-0469-42F1-B561-E4220397CDF0}.Debug|Any CPU.Build.0 = Debug|Any CPU
		{94741072-0469-42F1-B561-E4220397CDF0}.Release|Any CPU.ActiveCfg = Release|Any CPU
		{94741072-0469-42F1-B561-E4220397CDF0}.Release|Any CPU.Build.0 = Release|Any CPU
		{8537C83F-6893-4C82-9B7C-BAD65ACE389B}.Debug|Any CPU.ActiveCfg = Debug|Any CPU
		{8537C83F-6893-4C82-9B7C-BAD65ACE389B}.Debug|Any CPU.Build.0 = Debug|Any CPU
		{8537C83F-6893-4C82-9B7C-BAD65ACE389B}.Release|Any CPU.ActiveCfg = Release|Any CPU
		{8537C83F-6893-4C82-9B7C-BAD65ACE389B}.Release|Any CPU.Build.0 = Release|Any CPU
	EndGlobalSection
	GlobalSection(SolutionProperties) = preSolution
		HideSolutionNode = FALSE
	EndGlobalSection
	GlobalSection(ExtensibilityGlobals) = postSolution
		SolutionGuid = {83E9A672-637B-4F95-B743-4A7E3ED0329E}
	EndGlobalSection
EndGlobal
